PODS:
  - RHSwiftExtensions (1.2.9)

DEPENDENCIES:
  - RHSwiftExtensions (from `../`)

EXTERNAL SOURCES:
  RHSwiftExtensions:
    :path: "../"

SPEC CHECKSUMS:
  RHSwiftExtensions: aa46452eaaa8d305f8ec6b7bff4a512491677986

PODFILE CHECKSUM: 9743d239511570583c6d5cd89ddf5ea43e3f7ab0

COCOAPODS: 1.6.2
