PODS:
  - RHSwiftExtensions (1.1.0)

DEPENDENCIES:
  - RHSwiftExtensions (from `../`)

EXTERNAL SOURCES:
  RHSwiftExtensions:
    :path: "../"

SPEC CHECKSUMS:
  RHSwiftExtensions: 77aa7a71113b07b9821001bbcd5dbce09d0e7ce7

PODFILE CHECKSUM: 9743d239511570583c6d5cd89ddf5ea43e3f7ab0

COCOAPODS: 1.6.0
