PODS:
  - RHSwiftExtensions (1.2.0)

DEPENDENCIES:
  - RHSwiftExtensions (from `../`)

EXTERNAL SOURCES:
  RHSwiftExtensions:
    :path: "../"

SPEC CHECKSUMS:
  RHSwiftExtensions: f4f6271909aae153a9d966faf65966838b465ff4

PODFILE CHECKSUM: 9743d239511570583c6d5cd89ddf5ea43e3f7ab0

COCOAPODS: 1.6.0
